
Microsoft Visual Studio Solution File, Format Version 12.00
# Visual Studio 2013
VisualStudioVersion = 12.0.31101.0
MinimumVisualStudioVersion = 10.0.40219.1
Project("{FAE04EC0-301F-11D3-BF4B-00C04F79EFBC}") = "twitter", "twitter\twitter.csproj", "{32110E51-7B1F-4245-8970-FA4CB9DFDBBE}"
EndProject
Global
	GlobalSection(SolutionConfigurationPlatforms) = preSolution
		Debug|Any CPU = Debug|Any CPU
		Release|Any CPU = Release|Any CPU
	EndGlobalSection
	GlobalSection(ProjectConfigurationPlatforms) = postSolution
		{32110E51-7B1F-4245-8970-FA4CB9DFDBBE}.Debug|Any CPU.ActiveCfg = Debug|Any CPU
		{32110E51-7B1F-4245-8970-FA4CB9DFDBBE}.Debug|Any CPU.Build.0 = Debug|Any CPU
		{32110E51-7B1F-4245-8970-FA4CB9DFDBBE}.Release|Any CPU.ActiveCfg = Release|Any CPU
		{32110E51-7B1F-4245-8970-FA4CB9DFDBBE}.Release|Any CPU.Build.0 = Release|Any CPU
	EndGlobalSection
	GlobalSection(SolutionProperties) = preSolution
		HideSolutionNode = FALSE
	EndGlobalSection
EndGlobal
